{
  "projects": [
    {
      "projectId": "a4bhUrqWbeGH9fzcN7EwNU",
      "version": "latest",
      "dependencies": {},
      "lang": "ts",
      "fileLocks": [
        {
          "type": "globalVariant",
          "assetId": "Stx-Kh81jHuQC",
          "checksum": "fb57402a6e929bea308d54e8126f819c"
        },
        {
          "type": "renderModule",
          "assetId": "KqFCxnT1flhE",
          "checksum": "8fb05f35d6b0ebf94e3e2e722da2c183"
        },
        {
          "type": "cssRules",
          "assetId": "KqFCxnT1flhE",
          "checksum": "8fb05f35d6b0ebf94e3e2e722da2c183"
        },
        {
          "assetId": "a4bhUrqWbeGH9fzcN7EwNU",
          "checksum": "5e887275264620f81ed24d29e636f1a4",
          "type": "globalContexts"
        },
        {
          "type": "icon",
          "assetId": "irfeuZAX5P",
          "checksum": "94c5c7860a5cdf87d7c69d23a7b29cce"
        },
        {
          "type": "image",
          "assetId": "rNqMR2ie5",
          "checksum": "3f287156c9ecaa58f31940b9452741be"
        },
        {
          "type": "renderModule",
          "assetId": "O1BbL9l8IH",
          "checksum": "b6e4e0c1d36487ccd71948be9aca5e0e"
        },
        {
          "type": "cssRules",
          "assetId": "O1BbL9l8IH",
          "checksum": "b6e4e0c1d36487ccd71948be9aca5e0e"
        },
        {
          "type": "renderModule",
          "assetId": "7MQ4xCpNiH",
          "checksum": "2f295e5d71ee1fc453fc15ac700ce2b0"
        },
        {
          "type": "cssRules",
          "assetId": "7MQ4xCpNiH",
          "checksum": "2f295e5d71ee1fc453fc15ac700ce2b0"
        },
        {
          "type": "renderModule",
          "assetId": "LEgvBeEm_U",
          "checksum": "1625be6d346ea67c5d327a11116753c1"
        },
        {
          "type": "cssRules",
          "assetId": "LEgvBeEm_U",
          "checksum": "1625be6d346ea67c5d327a11116753c1"
        },
        {
          "type": "renderModule",
          "assetId": "ajlQM03Cp6",
          "checksum": "5b30657720d8454fbd6f9150255355fc"
        },
        {
          "type": "cssRules",
          "assetId": "ajlQM03Cp6",
          "checksum": "5b30657720d8454fbd6f9150255355fc"
        },
        {
          "type": "renderModule",
          "assetId": "aO3TpOHk3M",
          "checksum": "a7172aa13275dd8b6ab459eb98189dd1"
        },
        {
          "type": "cssRules",
          "assetId": "aO3TpOHk3M",
          "checksum": "a7172aa13275dd8b6ab459eb98189dd1"
        },
        {
          "type": "icon",
          "assetId": "Xh6I6gBAVB",
          "checksum": "b58f774d0195cf383c30cb2160fa2e7c"
        },
        {
          "type": "icon",
          "assetId": "jMJ7S2rEw2",
          "checksum": "d4b280c6339f68d6b2d492e790be9f52"
        },
        {
          "type": "image",
          "assetId": "XiW_RpDuO",
          "checksum": "cb0b517b1fdd3ad1e1e7deccb9607620"
        },
        {
          "type": "image",
          "assetId": "9zmPbrKUm",
          "checksum": "812681c0ba5d33efa2759067e6673794"
        },
        {
          "assetId": "a4bhUrqWbeGH9fzcN7EwNU",
          "type": "projectCss",
          "checksum": "89e76658479f2bca87fef2a3a9279683"
        },
        {
          "type": "renderModule",
          "assetId": "wfQfo5hy_L",
          "checksum": "2db3ee6dc8e55c246da9f509a251d6c7"
        },
        {
          "type": "cssRules",
          "assetId": "wfQfo5hy_L",
          "checksum": "2db3ee6dc8e55c246da9f509a251d6c7"
        },
        {
          "type": "renderModule",
          "assetId": "RJzPsvPN81",
          "checksum": "6148e13b9a016bbc04a2a44a229af776"
        },
        {
          "type": "cssRules",
          "assetId": "RJzPsvPN81",
          "checksum": "6148e13b9a016bbc04a2a44a229af776"
        },
        {
          "type": "renderModule",
          "assetId": "BmAeYsXCwH",
          "checksum": "8a64822b41fd2f84d279b4cbd5e043e3"
        },
        {
          "type": "cssRules",
          "assetId": "BmAeYsXCwH",
          "checksum": "8a64822b41fd2f84d279b4cbd5e043e3"
        },
        {
          "type": "renderModule",
          "assetId": "_3xOiX4pKP",
          "checksum": "8d48ab0f90cefdd0f1c5dc88bc18f956"
        },
        {
          "type": "cssRules",
          "assetId": "_3xOiX4pKP",
          "checksum": "8d48ab0f90cefdd0f1c5dc88bc18f956"
        },
        {
          "type": "icon",
          "assetId": "apLhSwR1Ut",
          "checksum": "23ec15ca3e6e95a5c87e117575ad2d59"
        },
        {
          "type": "icon",
          "assetId": "-pLceZx7Ap",
          "checksum": "4d2fae83bb1d82a5b582c11dbae618fe"
        },
        {
          "type": "icon",
          "assetId": "8vPsLM-P6Z",
          "checksum": "ebcc99a9ff4fcea5f488f38452d716d7"
        },
        {
          "type": "icon",
          "assetId": "Figa9KsMcR",
          "checksum": "f7e5bc2be30215d68ff360bb310ccdcf"
        },
        {
          "type": "icon",
          "assetId": "pjXsPF_9F9",
          "checksum": "ccada480e75a64f344fa63972c8396a7"
        },
        {
          "type": "icon",
          "assetId": "rpbvt0S2XD",
          "checksum": "1ce7ad4e73e84c8389e5158b3f7084a5"
        },
        {
          "type": "image",
          "assetId": "b8Ylo1Kd9",
          "checksum": "318433feaae114b048fb6d6276fb1d3a"
        },
        {
          "type": "image",
          "assetId": "twWErnEBY",
          "checksum": "564019319081fb5e63ffb6431f61a63c"
        },
        {
          "type": "image",
          "assetId": "BQrjGjbaZ",
          "checksum": "3ed54322f55a5465967ac1659b64f32c"
        },
        {
          "type": "image",
          "assetId": "igMAAUEfyP",
          "checksum": "c0f8b2b53fb1ed5fc39d2f817c2d7de1"
        }
      ],
      "codegenVersion": "0.0.1"
    }
  ],
  "cliVersion": "0.1.186"
}
